
Microsoft Visual Studio Solution File, Format Version 12.00
# Visual Studio Version 17
VisualStudioVersion = 17.3.32922.545
MinimumVisualStudioVersion = 10.0.40219.1
Project("{FAE04EC0-301F-11D3-BF4B-00C04F79EFBC}") = "ProjektZaliczeniowy", "ProjektZaliczeniowy\ProjektZaliczeniowy.csproj", "{C9C2A25F-729A-4F8D-B882-8078D5735427}"
EndProject
Project("{FAE04EC0-301F-11D3-BF4B-00C04F79EFBC}") = "WpfApp1", "WpfApp1\WpfApp1.csproj", "{C5C67E65-816F-419C-8413-261636788EE4}"
EndProject
Project("{FAE04EC0-301F-11D3-BF4B-00C04F79EFBC}") = "TestyProjektu", "TestyProjektu\TestyProjektu.csproj", "{4CA9BE7A-1051-4671-A99A-BA151EA05F3D}"
EndProject
Global
	GlobalSection(SolutionConfigurationPlatforms) = preSolution
		Debug|Any CPU = Debug|Any CPU
		Release|Any CPU = Release|Any CPU
	EndGlobalSection
	GlobalSection(ProjectConfigurationPlatforms) = postSolution
		{C9C2A25F-729A-4F8D-B882-8078D5735427}.Debug|Any CPU.ActiveCfg = Debug|Any CPU
		{C9C2A25F-729A-4F8D-B882-8078D5735427}.Debug|Any CPU.Build.0 = Debug|Any CPU
		{C9C2A25F-729A-4F8D-B882-8078D5735427}.Release|Any CPU.ActiveCfg = Release|Any CPU
		{C9C2A25F-729A-4F8D-B882-8078D5735427}.Release|Any CPU.Build.0 = Release|Any CPU
		{C5C67E65-816F-419C-8413-261636788EE4}.Debug|Any CPU.ActiveCfg = Debug|Any CPU
		{C5C67E65-816F-419C-8413-261636788EE4}.Debug|Any CPU.Build.0 = Debug|Any CPU
		{C5C67E65-816F-419C-8413-261636788EE4}.Release|Any CPU.ActiveCfg = Release|Any CPU
		{C5C67E65-816F-419C-8413-261636788EE4}.Release|Any CPU.Build.0 = Release|Any CPU
		{4CA9BE7A-1051-4671-A99A-BA151EA05F3D}.Debug|Any CPU.ActiveCfg = Debug|Any CPU
		{4CA9BE7A-1051-4671-A99A-BA151EA05F3D}.Debug|Any CPU.Build.0 = Debug|Any CPU
		{4CA9BE7A-1051-4671-A99A-BA151EA05F3D}.Release|Any CPU.ActiveCfg = Release|Any CPU
		{4CA9BE7A-1051-4671-A99A-BA151EA05F3D}.Release|Any CPU.Build.0 = Release|Any CPU
	EndGlobalSection
	GlobalSection(SolutionProperties) = preSolution
		HideSolutionNode = FALSE
	EndGlobalSection
	GlobalSection(ExtensibilityGlobals) = postSolution
		SolutionGuid = {AE00E652-93DF-47A0-A5A4-CF3358E1C55C}
	EndGlobalSection
EndGlobal
